// !$*UTF8*$!
{
	archiveVersion = 1;
	classes = {
	};
	objectVersion = 46;
	objects = {

/* Begin PBXAggregateTarget section */
		"swift-algorithms::swift-algorithmsPackageTests::ProductTarget" /* swift-algorithmsPackageTests */ = {
			isa = PBXAggregateTarget;
			buildConfigurationList = OBJ_197 /* Build configuration list for PBXAggregateTarget "swift-algorithmsPackageTests" */;
			buildPhases = (
			);
			dependencies = (
				OBJ_200 /* PBXTargetDependency */,
			);
			name = "swift-algorithmsPackageTests";
			productName = "swift-algorithmsPackageTests";
		};
/* End PBXAggregateTarget section */

/* Begin PBXBuildFile section */
		OBJ_100 /* Chunked.swift in Sources */ = {isa = PBXBuildFile; fileRef = OBJ_11 /* Chunked.swift */; };
		OBJ_101 /* Combinations.swift in Sources */ = {isa = PBXBuildFile; fileRef = OBJ_12 /* Combinations.swift */; };
		OBJ_102 /* Compacted.swift in Sources */ = {isa = PBXBuildFile; fileRef = OBJ_13 /* Compacted.swift */; };
		OBJ_103 /* Cycle.swift in Sources */ = {isa = PBXBuildFile; fileRef = OBJ_14 /* Cycle.swift */; };
		OBJ_104 /* EitherSequence.swift in Sources */ = {isa = PBXBuildFile; fileRef = OBJ_15 /* EitherSequence.swift */; };
		OBJ_105 /* FirstNonNil.swift in Sources */ = {isa = PBXBuildFile; fileRef = OBJ_16 /* FirstNonNil.swift */; };
		OBJ_106 /* FlattenCollection.swift in Sources */ = {isa = PBXBuildFile; fileRef = OBJ_17 /* FlattenCollection.swift */; };
		OBJ_107 /* Indexed.swift in Sources */ = {isa = PBXBuildFile; fileRef = OBJ_18 /* Indexed.swift */; };
		OBJ_108 /* Intersperse.swift in Sources */ = {isa = PBXBuildFile; fileRef = OBJ_19 /* Intersperse.swift */; };
		OBJ_109 /* Joined.swift in Sources */ = {isa = PBXBuildFile; fileRef = OBJ_20 /* Joined.swift */; };
		OBJ_110 /* MinMax.swift in Sources */ = {isa = PBXBuildFile; fileRef = OBJ_21 /* MinMax.swift */; };
		OBJ_111 /* Partition.swift in Sources */ = {isa = PBXBuildFile; fileRef = OBJ_22 /* Partition.swift */; };
		OBJ_112 /* Permutations.swift in Sources */ = {isa = PBXBuildFile; fileRef = OBJ_23 /* Permutations.swift */; };
		OBJ_113 /* Product.swift in Sources */ = {isa = PBXBuildFile; fileRef = OBJ_24 /* Product.swift */; };
		OBJ_114 /* RandomSample.swift in Sources */ = {isa = PBXBuildFile; fileRef = OBJ_25 /* RandomSample.swift */; };
		OBJ_115 /* Reductions.swift in Sources */ = {isa = PBXBuildFile; fileRef = OBJ_26 /* Reductions.swift */; };
		OBJ_116 /* Rotate.swift in Sources */ = {isa = PBXBuildFile; fileRef = OBJ_27 /* Rotate.swift */; };
		OBJ_117 /* Split.swift in Sources */ = {isa = PBXBuildFile; fileRef = OBJ_28 /* Split.swift */; };
		OBJ_118 /* Stride.swift in Sources */ = {isa = PBXBuildFile; fileRef = OBJ_29 /* Stride.swift */; };
		OBJ_119 /* Suffix.swift in Sources */ = {isa = PBXBuildFile; fileRef = OBJ_30 /* Suffix.swift */; };
		OBJ_120 /* Trim.swift in Sources */ = {isa = PBXBuildFile; fileRef = OBJ_31 /* Trim.swift */; };
		OBJ_121 /* Unique.swift in Sources */ = {isa = PBXBuildFile; fileRef = OBJ_32 /* Unique.swift */; };
		OBJ_122 /* Windows.swift in Sources */ = {isa = PBXBuildFile; fileRef = OBJ_33 /* Windows.swift */; };
		OBJ_124 /* RealModule.framework in Frameworks */ = {isa = PBXBuildFile; fileRef = "swift-numerics::RealModule::Product" /* RealModule.framework */; };
		OBJ_125 /* _NumericsShims.framework in Frameworks */ = {isa = PBXBuildFile; fileRef = "swift-numerics::_NumericsShims::Product" /* _NumericsShims.framework */; };
		OBJ_134 /* AlgebraicField.swift in Sources */ = {isa = PBXBuildFile; fileRef = OBJ_66 /* AlgebraicField.swift */; };
		OBJ_135 /* ApproximateEquality.swift in Sources */ = {isa = PBXBuildFile; fileRef = OBJ_67 /* ApproximateEquality.swift */; };
		OBJ_136 /* AugmentedArithmetic.swift in Sources */ = {isa = PBXBuildFile; fileRef = OBJ_68 /* AugmentedArithmetic.swift */; };
		OBJ_137 /* Double+Real.swift in Sources */ = {isa = PBXBuildFile; fileRef = OBJ_69 /* Double+Real.swift */; };
		OBJ_138 /* ElementaryFunctions.swift in Sources */ = {isa = PBXBuildFile; fileRef = OBJ_70 /* ElementaryFunctions.swift */; };
		OBJ_139 /* Float+Real.swift in Sources */ = {isa = PBXBuildFile; fileRef = OBJ_71 /* Float+Real.swift */; };
		OBJ_140 /* Float16+Real.swift in Sources */ = {isa = PBXBuildFile; fileRef = OBJ_72 /* Float16+Real.swift */; };
		OBJ_141 /* Float80+Real.swift in Sources */ = {isa = PBXBuildFile; fileRef = OBJ_73 /* Float80+Real.swift */; };
		OBJ_142 /* Real.swift in Sources */ = {isa = PBXBuildFile; fileRef = OBJ_74 /* Real.swift */; };
		OBJ_143 /* RealFunctions.swift in Sources */ = {isa = PBXBuildFile; fileRef = OBJ_75 /* RealFunctions.swift */; };
		OBJ_145 /* _NumericsShims.framework in Frameworks */ = {isa = PBXBuildFile; fileRef = "swift-numerics::_NumericsShims::Product" /* _NumericsShims.framework */; };
		OBJ_152 /* AdjacentPairsTests.swift in Sources */ = {isa = PBXBuildFile; fileRef = OBJ_36 /* AdjacentPairsTests.swift */; };
		OBJ_153 /* ChainTests.swift in Sources */ = {isa = PBXBuildFile; fileRef = OBJ_37 /* ChainTests.swift */; };
		OBJ_154 /* ChunkedTests.swift in Sources */ = {isa = PBXBuildFile; fileRef = OBJ_38 /* ChunkedTests.swift */; };
		OBJ_155 /* CombinationsTests.swift in Sources */ = {isa = PBXBuildFile; fileRef = OBJ_39 /* CombinationsTests.swift */; };
		OBJ_156 /* CompactedTests.swift in Sources */ = {isa = PBXBuildFile; fileRef = OBJ_40 /* CompactedTests.swift */; };
		OBJ_157 /* CycleTests.swift in Sources */ = {isa = PBXBuildFile; fileRef = OBJ_41 /* CycleTests.swift */; };
		OBJ_158 /* FirstNonNilTests.swift in Sources */ = {isa = PBXBuildFile; fileRef = OBJ_42 /* FirstNonNilTests.swift */; };
		OBJ_159 /* IndexedTests.swift in Sources */ = {isa = PBXBuildFile; fileRef = OBJ_43 /* IndexedTests.swift */; };
		OBJ_160 /* IntersperseTests.swift in Sources */ = {isa = PBXBuildFile; fileRef = OBJ_44 /* IntersperseTests.swift */; };
		OBJ_161 /* JoinedTests.swift in Sources */ = {isa = PBXBuildFile; fileRef = OBJ_45 /* JoinedTests.swift */; };
		OBJ_162 /* MinMaxTests.swift in Sources */ = {isa = PBXBuildFile; fileRef = OBJ_46 /* MinMaxTests.swift */; };
		OBJ_163 /* PartitionTests.swift in Sources */ = {isa = PBXBuildFile; fileRef = OBJ_47 /* PartitionTests.swift */; };
		OBJ_164 /* PermutationsTests.swift in Sources */ = {isa = PBXBuildFile; fileRef = OBJ_48 /* PermutationsTests.swift */; };
		OBJ_165 /* ProductTests.swift in Sources */ = {isa = PBXBuildFile; fileRef = OBJ_49 /* ProductTests.swift */; };
		OBJ_166 /* RandomSampleTests.swift in Sources */ = {isa = PBXBuildFile; fileRef = OBJ_50 /* RandomSampleTests.swift */; };
		OBJ_167 /* ReductionsTests.swift in Sources */ = {isa = PBXBuildFile; fileRef = OBJ_51 /* ReductionsTests.swift */; };
		OBJ_168 /* RotateTests.swift in Sources */ = {isa = PBXBuildFile; fileRef = OBJ_52 /* RotateTests.swift */; };
		OBJ_169 /* SplitTests.swift in Sources */ = {isa = PBXBuildFile; fileRef = OBJ_53 /* SplitTests.swift */; };
		OBJ_170 /* StrideTests.swift in Sources */ = {isa = PBXBuildFile; fileRef = OBJ_54 /* StrideTests.swift */; };
		OBJ_171 /* SuffixTests.swift in Sources */ = {isa = PBXBuildFile; fileRef = OBJ_55 /* SuffixTests.swift */; };
		OBJ_172 /* TestUtilities.swift in Sources */ = {isa = PBXBuildFile; fileRef = OBJ_56 /* TestUtilities.swift */; };
		OBJ_173 /* TrimTests.swift in Sources */ = {isa = PBXBuildFile; fileRef = OBJ_57 /* TrimTests.swift */; };
		OBJ_174 /* UniquePermutationsTests.swift in Sources */ = {isa = PBXBuildFile; fileRef = OBJ_58 /* UniquePermutationsTests.swift */; };
		OBJ_175 /* UniqueTests.swift in Sources */ = {isa = PBXBuildFile; fileRef = OBJ_59 /* UniqueTests.swift */; };
		OBJ_176 /* WindowsTests.swift in Sources */ = {isa = PBXBuildFile; fileRef = OBJ_60 /* WindowsTests.swift */; };
		OBJ_178 /* Algorithms.framework in Frameworks */ = {isa = PBXBuildFile; fileRef = "swift-algorithms::Algorithms::Product" /* Algorithms.framework */; };
		OBJ_179 /* RealModule.framework in Frameworks */ = {isa = PBXBuildFile; fileRef = "swift-numerics::RealModule::Product" /* RealModule.framework */; };
		OBJ_180 /* _NumericsShims.framework in Frameworks */ = {isa = PBXBuildFile; fileRef = "swift-numerics::_NumericsShims::Product" /* _NumericsShims.framework */; };
		OBJ_188 /* _NumericsShims.c in Sources */ = {isa = PBXBuildFile; fileRef = OBJ_77 /* _NumericsShims.c */; };
		OBJ_195 /* Package.swift in Sources */ = {isa = PBXBuildFile; fileRef = OBJ_6 /* Package.swift */; };
		OBJ_206 /* Package.swift in Sources */ = {isa = PBXBuildFile; fileRef = OBJ_81 /* Package.swift */; };
		OBJ_98 /* AdjacentPairs.swift in Sources */ = {isa = PBXBuildFile; fileRef = OBJ_9 /* AdjacentPairs.swift */; };
		OBJ_99 /* Chain.swift in Sources */ = {isa = PBXBuildFile; fileRef = OBJ_10 /* Chain.swift */; };
/* End PBXBuildFile section */

/* Begin PBXContainerItemProxy section */
		E97D191B288EA9C000CAA1F5 /* PBXContainerItemProxy */ = {
			isa = PBXContainerItemProxy;
			containerPortal = OBJ_1 /* Project object */;
			proxyType = 1;
			remoteGlobalIDString = "swift-numerics::RealModule";
			remoteInfo = RealModule;
		};
		E97D191C288EA9C000CAA1F5 /* PBXContainerItemProxy */ = {
			isa = PBXContainerItemProxy;
			containerPortal = OBJ_1 /* Project object */;
			proxyType = 1;
			remoteGlobalIDString = "swift-numerics::_NumericsShims";
			remoteInfo = _NumericsShims;
		};
		E97D191D288EA9C000CAA1F5 /* PBXContainerItemProxy */ = {
			isa = PBXContainerItemProxy;
			containerPortal = OBJ_1 /* Project object */;
			proxyType = 1;
			remoteGlobalIDString = "swift-numerics::_NumericsShims";
			remoteInfo = _NumericsShims;
		};
		E97D191E288EA9C000CAA1F5 /* PBXContainerItemProxy */ = {
			isa = PBXContainerItemProxy;
			containerPortal = OBJ_1 /* Project object */;
			proxyType = 1;
			remoteGlobalIDString = "swift-algorithms::Algorithms";
			remoteInfo = Algorithms;
		};
		E97D191F288EA9C000CAA1F5 /* PBXContainerItemProxy */ = {
			isa = PBXContainerItemProxy;
			containerPortal = OBJ_1 /* Project object */;
			proxyType = 1;
			remoteGlobalIDString = "swift-numerics::RealModule";
			remoteInfo = RealModule;
		};
		E97D1920288EA9C000CAA1F5 /* PBXContainerItemProxy */ = {
			isa = PBXContainerItemProxy;
			containerPortal = OBJ_1 /* Project object */;
			proxyType = 1;
			remoteGlobalIDString = "swift-numerics::_NumericsShims";
			remoteInfo = _NumericsShims;
		};
		E97D1921288EA9C000CAA1F5 /* PBXContainerItemProxy */ = {
			isa = PBXContainerItemProxy;
			containerPortal = OBJ_1 /* Project object */;
			proxyType = 1;
			remoteGlobalIDString = "swift-algorithms::SwiftAlgorithmsTests";
			remoteInfo = SwiftAlgorithmsTests;
		};
/* End PBXContainerItemProxy section */

/* Begin PBXFileReference section */
		OBJ_10 /* Chain.swift */ = {isa = PBXFileReference; lastKnownFileType = sourcecode.swift; path = Chain.swift; sourceTree = "<group>"; };
		OBJ_11 /* Chunked.swift */ = {isa = PBXFileReference; lastKnownFileType = sourcecode.swift; path = Chunked.swift; sourceTree = "<group>"; };
		OBJ_12 /* Combinations.swift */ = {isa = PBXFileReference; lastKnownFileType = sourcecode.swift; path = Combinations.swift; sourceTree = "<group>"; };
		OBJ_13 /* Compacted.swift */ = {isa = PBXFileReference; lastKnownFileType = sourcecode.swift; path = Compacted.swift; sourceTree = "<group>"; };
		OBJ_14 /* Cycle.swift */ = {isa = PBXFileReference; lastKnownFileType = sourcecode.swift; path = Cycle.swift; sourceTree = "<group>"; };
		OBJ_15 /* EitherSequence.swift */ = {isa = PBXFileReference; lastKnownFileType = sourcecode.swift; path = EitherSequence.swift; sourceTree = "<group>"; };
		OBJ_16 /* FirstNonNil.swift */ = {isa = PBXFileReference; lastKnownFileType = sourcecode.swift; path = FirstNonNil.swift; sourceTree = "<group>"; };
		OBJ_17 /* FlattenCollection.swift */ = {isa = PBXFileReference; lastKnownFileType = sourcecode.swift; path = FlattenCollection.swift; sourceTree = "<group>"; };
		OBJ_18 /* Indexed.swift */ = {isa = PBXFileReference; lastKnownFileType = sourcecode.swift; path = Indexed.swift; sourceTree = "<group>"; };
		OBJ_19 /* Intersperse.swift */ = {isa = PBXFileReference; lastKnownFileType = sourcecode.swift; path = Intersperse.swift; sourceTree = "<group>"; };
		OBJ_20 /* Joined.swift */ = {isa = PBXFileReference; lastKnownFileType = sourcecode.swift; path = Joined.swift; sourceTree = "<group>"; };
		OBJ_21 /* MinMax.swift */ = {isa = PBXFileReference; lastKnownFileType = sourcecode.swift; path = MinMax.swift; sourceTree = "<group>"; };
		OBJ_22 /* Partition.swift */ = {isa = PBXFileReference; lastKnownFileType = sourcecode.swift; path = Partition.swift; sourceTree = "<group>"; };
		OBJ_23 /* Permutations.swift */ = {isa = PBXFileReference; lastKnownFileType = sourcecode.swift; path = Permutations.swift; sourceTree = "<group>"; };
		OBJ_24 /* Product.swift */ = {isa = PBXFileReference; lastKnownFileType = sourcecode.swift; path = Product.swift; sourceTree = "<group>"; };
		OBJ_25 /* RandomSample.swift */ = {isa = PBXFileReference; lastKnownFileType = sourcecode.swift; path = RandomSample.swift; sourceTree = "<group>"; };
		OBJ_26 /* Reductions.swift */ = {isa = PBXFileReference; lastKnownFileType = sourcecode.swift; path = Reductions.swift; sourceTree = "<group>"; };
		OBJ_27 /* Rotate.swift */ = {isa = PBXFileReference; lastKnownFileType = sourcecode.swift; path = Rotate.swift; sourceTree = "<group>"; };
		OBJ_28 /* Split.swift */ = {isa = PBXFileReference; lastKnownFileType = sourcecode.swift; path = Split.swift; sourceTree = "<group>"; };
		OBJ_29 /* Stride.swift */ = {isa = PBXFileReference; lastKnownFileType = sourcecode.swift; path = Stride.swift; sourceTree = "<group>"; };
		OBJ_30 /* Suffix.swift */ = {isa = PBXFileReference; lastKnownFileType = sourcecode.swift; path = Suffix.swift; sourceTree = "<group>"; };
		OBJ_31 /* Trim.swift */ = {isa = PBXFileReference; lastKnownFileType = sourcecode.swift; path = Trim.swift; sourceTree = "<group>"; };
		OBJ_32 /* Unique.swift */ = {isa = PBXFileReference; lastKnownFileType = sourcecode.swift; path = Unique.swift; sourceTree = "<group>"; };
		OBJ_33 /* Windows.swift */ = {isa = PBXFileReference; lastKnownFileType = sourcecode.swift; path = Windows.swift; sourceTree = "<group>"; };
		OBJ_36 /* AdjacentPairsTests.swift */ = {isa = PBXFileReference; lastKnownFileType = sourcecode.swift; path = AdjacentPairsTests.swift; sourceTree = "<group>"; };
		OBJ_37 /* ChainTests.swift */ = {isa = PBXFileReference; lastKnownFileType = sourcecode.swift; path = ChainTests.swift; sourceTree = "<group>"; };
		OBJ_38 /* ChunkedTests.swift */ = {isa = PBXFileReference; lastKnownFileType = sourcecode.swift; path = ChunkedTests.swift; sourceTree = "<group>"; };
		OBJ_39 /* CombinationsTests.swift */ = {isa = PBXFileReference; lastKnownFileType = sourcecode.swift; path = CombinationsTests.swift; sourceTree = "<group>"; };
		OBJ_40 /* CompactedTests.swift */ = {isa = PBXFileReference; lastKnownFileType = sourcecode.swift; path = CompactedTests.swift; sourceTree = "<group>"; };
		OBJ_41 /* CycleTests.swift */ = {isa = PBXFileReference; lastKnownFileType = sourcecode.swift; path = CycleTests.swift; sourceTree = "<group>"; };
		OBJ_42 /* FirstNonNilTests.swift */ = {isa = PBXFileReference; lastKnownFileType = sourcecode.swift; path = FirstNonNilTests.swift; sourceTree = "<group>"; };
		OBJ_43 /* IndexedTests.swift */ = {isa = PBXFileReference; lastKnownFileType = sourcecode.swift; path = IndexedTests.swift; sourceTree = "<group>"; };
		OBJ_44 /* IntersperseTests.swift */ = {isa = PBXFileReference; lastKnownFileType = sourcecode.swift; path = IntersperseTests.swift; sourceTree = "<group>"; };
		OBJ_45 /* JoinedTests.swift */ = {isa = PBXFileReference; lastKnownFileType = sourcecode.swift; path = JoinedTests.swift; sourceTree = "<group>"; };
		OBJ_46 /* MinMaxTests.swift */ = {isa = PBXFileReference; lastKnownFileType = sourcecode.swift; path = MinMaxTests.swift; sourceTree = "<group>"; };
		OBJ_47 /* PartitionTests.swift */ = {isa = PBXFileReference; lastKnownFileType = sourcecode.swift; path = PartitionTests.swift; sourceTree = "<group>"; };
		OBJ_48 /* PermutationsTests.swift */ = {isa = PBXFileReference; lastKnownFileType = sourcecode.swift; path = PermutationsTests.swift; sourceTree = "<group>"; };
		OBJ_49 /* ProductTests.swift */ = {isa = PBXFileReference; lastKnownFileType = sourcecode.swift; path = ProductTests.swift; sourceTree = "<group>"; };
		OBJ_50 /* RandomSampleTests.swift */ = {isa = PBXFileReference; lastKnownFileType = sourcecode.swift; path = RandomSampleTests.swift; sourceTree = "<group>"; };
		OBJ_51 /* ReductionsTests.swift */ = {isa = PBXFileReference; lastKnownFileType = sourcecode.swift; path = ReductionsTests.swift; sourceTree = "<group>"; };
		OBJ_52 /* RotateTests.swift */ = {isa = PBXFileReference; lastKnownFileType = sourcecode.swift; path = RotateTests.swift; sourceTree = "<group>"; };
		OBJ_53 /* SplitTests.swift */ = {isa = PBXFileReference; lastKnownFileType = sourcecode.swift; path = SplitTests.swift; sourceTree = "<group>"; };
		OBJ_54 /* StrideTests.swift */ = {isa = PBXFileReference; lastKnownFileType = sourcecode.swift; path = StrideTests.swift; sourceTree = "<group>"; };
		OBJ_55 /* SuffixTests.swift */ = {isa = PBXFileReference; lastKnownFileType = sourcecode.swift; path = SuffixTests.swift; sourceTree = "<group>"; };
		OBJ_56 /* TestUtilities.swift */ = {isa = PBXFileReference; lastKnownFileType = sourcecode.swift; path = TestUtilities.swift; sourceTree = "<group>"; };
		OBJ_57 /* TrimTests.swift */ = {isa = PBXFileReference; lastKnownFileType = sourcecode.swift; path = TrimTests.swift; sourceTree = "<group>"; };
		OBJ_58 /* UniquePermutationsTests.swift */ = {isa = PBXFileReference; lastKnownFileType = sourcecode.swift; path = UniquePermutationsTests.swift; sourceTree = "<group>"; };
		OBJ_59 /* UniqueTests.swift */ = {isa = PBXFileReference; lastKnownFileType = sourcecode.swift; path = UniqueTests.swift; sourceTree = "<group>"; };
		OBJ_6 /* Package.swift */ = {isa = PBXFileReference; explicitFileType = sourcecode.swift; path = Package.swift; sourceTree = "<group>"; };
		OBJ_60 /* WindowsTests.swift */ = {isa = PBXFileReference; lastKnownFileType = sourcecode.swift; path = WindowsTests.swift; sourceTree = "<group>"; };
		OBJ_66 /* AlgebraicField.swift */ = {isa = PBXFileReference; lastKnownFileType = sourcecode.swift; path = AlgebraicField.swift; sourceTree = "<group>"; };
		OBJ_67 /* ApproximateEquality.swift */ = {isa = PBXFileReference; lastKnownFileType = sourcecode.swift; path = ApproximateEquality.swift; sourceTree = "<group>"; };
		OBJ_68 /* AugmentedArithmetic.swift */ = {isa = PBXFileReference; lastKnownFileType = sourcecode.swift; path = AugmentedArithmetic.swift; sourceTree = "<group>"; };
		OBJ_69 /* Double+Real.swift */ = {isa = PBXFileReference; lastKnownFileType = sourcecode.swift; path = "Double+Real.swift"; sourceTree = "<group>"; };
		OBJ_70 /* ElementaryFunctions.swift */ = {isa = PBXFileReference; lastKnownFileType = sourcecode.swift; path = ElementaryFunctions.swift; sourceTree = "<group>"; };
		OBJ_71 /* Float+Real.swift */ = {isa = PBXFileReference; lastKnownFileType = sourcecode.swift; path = "Float+Real.swift"; sourceTree = "<group>"; };
		OBJ_72 /* Float16+Real.swift */ = {isa = PBXFileReference; lastKnownFileType = sourcecode.swift; path = "Float16+Real.swift"; sourceTree = "<group>"; };
		OBJ_73 /* Float80+Real.swift */ = {isa = PBXFileReference; lastKnownFileType = sourcecode.swift; path = "Float80+Real.swift"; sourceTree = "<group>"; };
		OBJ_74 /* Real.swift */ = {isa = PBXFileReference; lastKnownFileType = sourcecode.swift; path = Real.swift; sourceTree = "<group>"; };
		OBJ_75 /* RealFunctions.swift */ = {isa = PBXFileReference; lastKnownFileType = sourcecode.swift; path = RealFunctions.swift; sourceTree = "<group>"; };
		OBJ_77 /* _NumericsShims.c */ = {isa = PBXFileReference; lastKnownFileType = sourcecode.c.c; path = _NumericsShims.c; sourceTree = "<group>"; };
		OBJ_79 /* _NumericsShims.h */ = {isa = PBXFileReference; lastKnownFileType = sourcecode.c.h; path = _NumericsShims.h; sourceTree = "<group>"; };
		OBJ_80 /* module.modulemap */ = {isa = PBXFileReference; lastKnownFileType = "sourcecode.module-map"; name = module.modulemap; path = "/Volumes/FBMac/code/eman/swift-algorithms/.build/checkouts/swift-numerics/Sources/_NumericsShims/include/module.modulemap"; sourceTree = "<group>"; };
		OBJ_81 /* Package.swift */ = {isa = PBXFileReference; explicitFileType = sourcecode.swift; name = Package.swift; path = "/Volumes/FBMac/code/eman/swift-algorithms/.build/checkouts/swift-numerics/Package.swift"; sourceTree = "<group>"; };
		OBJ_87 /* Guides */ = {isa = PBXFileReference; lastKnownFileType = folder; path = Guides; sourceTree = SOURCE_ROOT; };
		OBJ_88 /* CODE_OF_CONDUCT.md */ = {isa = PBXFileReference; lastKnownFileType = net.daringfireball.markdown; path = CODE_OF_CONDUCT.md; sourceTree = "<group>"; };
		OBJ_89 /* CHANGELOG.md */ = {isa = PBXFileReference; lastKnownFileType = net.daringfireball.markdown; path = CHANGELOG.md; sourceTree = "<group>"; };
		OBJ_9 /* AdjacentPairs.swift */ = {isa = PBXFileReference; lastKnownFileType = sourcecode.swift; path = AdjacentPairs.swift; sourceTree = "<group>"; };
		OBJ_90 /* README.md */ = {isa = PBXFileReference; lastKnownFileType = net.daringfireball.markdown; path = README.md; sourceTree = "<group>"; };
		OBJ_91 /* CONTRIBUTING.md */ = {isa = PBXFileReference; lastKnownFileType = net.daringfireball.markdown; path = CONTRIBUTING.md; sourceTree = "<group>"; };
		OBJ_92 /* LICENSE.txt */ = {isa = PBXFileReference; lastKnownFileType = text; path = LICENSE.txt; sourceTree = "<group>"; };
		"swift-algorithms::Algorithms::Product" /* Algorithms.framework */ = {isa = PBXFileReference; explicitFileType = wrapper.framework; path = Algorithms.framework; sourceTree = BUILT_PRODUCTS_DIR; };
		"swift-algorithms::SwiftAlgorithmsTests::Product" /* SwiftAlgorithmsTests.xctest */ = {isa = PBXFileReference; lastKnownFileType = file; path = SwiftAlgorithmsTests.xctest; sourceTree = BUILT_PRODUCTS_DIR; };
		"swift-numerics::RealModule::Product" /* RealModule.framework */ = {isa = PBXFileReference; explicitFileType = wrapper.framework; path = RealModule.framework; sourceTree = BUILT_PRODUCTS_DIR; };
		"swift-numerics::_NumericsShims::Product" /* _NumericsShims.framework */ = {isa = PBXFileReference; explicitFileType = wrapper.framework; path = _NumericsShims.framework; sourceTree = BUILT_PRODUCTS_DIR; };
/* End PBXFileReference section */

/* Begin PBXFrameworksBuildPhase section */
		OBJ_123 /* Frameworks */ = {
			isa = PBXFrameworksBuildPhase;
			buildActionMask = 0;
			files = (
				OBJ_124 /* RealModule.framework in Frameworks */,
				OBJ_125 /* _NumericsShims.framework in Frameworks */,
			);
			runOnlyForDeploymentPostprocessing = 0;
		};
		OBJ_144 /* Frameworks */ = {
			isa = PBXFrameworksBuildPhase;
			buildActionMask = 0;
			files = (
				OBJ_145 /* _NumericsShims.framework in Frameworks */,
			);
			runOnlyForDeploymentPostprocessing = 0;
		};
		OBJ_177 /* Frameworks */ = {
			isa = PBXFrameworksBuildPhase;
			buildActionMask = 0;
			files = (
				OBJ_178 /* Algorithms.framework in Frameworks */,
				OBJ_179 /* RealModule.framework in Frameworks */,
				OBJ_180 /* _NumericsShims.framework in Frameworks */,
			);
			runOnlyForDeploymentPostprocessing = 0;
		};
		OBJ_189 /* Frameworks */ = {
			isa = PBXFrameworksBuildPhase;
			buildActionMask = 0;
			files = (
			);
			runOnlyForDeploymentPostprocessing = 0;
		};
/* End PBXFrameworksBuildPhase section */

/* Begin PBXGroup section */
		OBJ_34 /* Tests */ = {
			isa = PBXGroup;
			children = (
				OBJ_35 /* SwiftAlgorithmsTests */,
			);
			name = Tests;
			sourceTree = SOURCE_ROOT;
		};
		OBJ_35 /* SwiftAlgorithmsTests */ = {
			isa = PBXGroup;
			children = (
				OBJ_36 /* AdjacentPairsTests.swift */,
				OBJ_37 /* ChainTests.swift */,
				OBJ_38 /* ChunkedTests.swift */,
				OBJ_39 /* CombinationsTests.swift */,
				OBJ_40 /* CompactedTests.swift */,
				OBJ_41 /* CycleTests.swift */,
				OBJ_42 /* FirstNonNilTests.swift */,
				OBJ_43 /* IndexedTests.swift */,
				OBJ_44 /* IntersperseTests.swift */,
				OBJ_45 /* JoinedTests.swift */,
				OBJ_46 /* MinMaxTests.swift */,
				OBJ_47 /* PartitionTests.swift */,
				OBJ_48 /* PermutationsTests.swift */,
				OBJ_49 /* ProductTests.swift */,
				OBJ_50 /* RandomSampleTests.swift */,
				OBJ_51 /* ReductionsTests.swift */,
				OBJ_52 /* RotateTests.swift */,
				OBJ_53 /* SplitTests.swift */,
				OBJ_54 /* StrideTests.swift */,
				OBJ_55 /* SuffixTests.swift */,
				OBJ_56 /* TestUtilities.swift */,
				OBJ_57 /* TrimTests.swift */,
				OBJ_58 /* UniquePermutationsTests.swift */,
				OBJ_59 /* UniqueTests.swift */,
				OBJ_60 /* WindowsTests.swift */,
			);
			name = SwiftAlgorithmsTests;
			path = Tests/SwiftAlgorithmsTests;
			sourceTree = SOURCE_ROOT;
		};
		OBJ_5 = {
			isa = PBXGroup;
			children = (
				OBJ_6 /* Package.swift */,
				OBJ_7 /* Sources */,
				OBJ_34 /* Tests */,
				OBJ_61 /* Dependencies */,
				OBJ_82 /* Products */,
				OBJ_87 /* Guides */,
				OBJ_88 /* CODE_OF_CONDUCT.md */,
				OBJ_89 /* CHANGELOG.md */,
				OBJ_90 /* README.md */,
				OBJ_91 /* CONTRIBUTING.md */,
				OBJ_92 /* LICENSE.txt */,
			);
			sourceTree = "<group>";
		};
		OBJ_61 /* Dependencies */ = {
			isa = PBXGroup;
			children = (
				OBJ_62 /* swift-numerics 1.0.1 */,
			);
			name = Dependencies;
			sourceTree = "<group>";
		};
		OBJ_62 /* swift-numerics 1.0.1 */ = {
			isa = PBXGroup;
			children = (
				OBJ_63 /* ComplexModule */,
				OBJ_64 /* Numerics */,
				OBJ_65 /* RealModule */,
				OBJ_76 /* _NumericsShims */,
				OBJ_81 /* Package.swift */,
			);
			name = "swift-numerics 1.0.1";
			sourceTree = SOURCE_ROOT;
		};
		OBJ_63 /* ComplexModule */ = {
			isa = PBXGroup;
			children = (
			);
			name = ComplexModule;
			path = ".build/checkouts/swift-numerics/Sources/ComplexModule";
			sourceTree = SOURCE_ROOT;
		};
		OBJ_64 /* Numerics */ = {
			isa = PBXGroup;
			children = (
			);
			name = Numerics;
			path = ".build/checkouts/swift-numerics/Sources/Numerics";
			sourceTree = SOURCE_ROOT;
		};
		OBJ_65 /* RealModule */ = {
			isa = PBXGroup;
			children = (
				OBJ_66 /* AlgebraicField.swift */,
				OBJ_67 /* ApproximateEquality.swift */,
				OBJ_68 /* AugmentedArithmetic.swift */,
				OBJ_69 /* Double+Real.swift */,
				OBJ_70 /* ElementaryFunctions.swift */,
				OBJ_71 /* Float+Real.swift */,
				OBJ_72 /* Float16+Real.swift */,
				OBJ_73 /* Float80+Real.swift */,
				OBJ_74 /* Real.swift */,
				OBJ_75 /* RealFunctions.swift */,
			);
			name = RealModule;
			path = ".build/checkouts/swift-numerics/Sources/RealModule";
			sourceTree = SOURCE_ROOT;
		};
		OBJ_7 /* Sources */ = {
			isa = PBXGroup;
			children = (
				OBJ_8 /* Algorithms */,
			);
			name = Sources;
			sourceTree = SOURCE_ROOT;
		};
		OBJ_76 /* _NumericsShims */ = {
			isa = PBXGroup;
			children = (
				OBJ_77 /* _NumericsShims.c */,
				OBJ_78 /* include */,
			);
			name = _NumericsShims;
			path = ".build/checkouts/swift-numerics/Sources/_NumericsShims";
			sourceTree = SOURCE_ROOT;
		};
		OBJ_78 /* include */ = {
			isa = PBXGroup;
			children = (
				OBJ_79 /* _NumericsShims.h */,
				OBJ_80 /* module.modulemap */,
			);
			path = include;
			sourceTree = "<group>";
		};
		OBJ_8 /* Algorithms */ = {
			isa = PBXGroup;
			children = (
				OBJ_9 /* AdjacentPairs.swift */,
				OBJ_10 /* Chain.swift */,
				OBJ_11 /* Chunked.swift */,
				OBJ_12 /* Combinations.swift */,
				OBJ_13 /* Compacted.swift */,
				OBJ_14 /* Cycle.swift */,
				OBJ_15 /* EitherSequence.swift */,
				OBJ_16 /* FirstNonNil.swift */,
				OBJ_17 /* FlattenCollection.swift */,
				OBJ_18 /* Indexed.swift */,
				OBJ_19 /* Intersperse.swift */,
				OBJ_20 /* Joined.swift */,
				OBJ_21 /* MinMax.swift */,
				OBJ_22 /* Partition.swift */,
				OBJ_23 /* Permutations.swift */,
				OBJ_24 /* Product.swift */,
				OBJ_25 /* RandomSample.swift */,
				OBJ_26 /* Reductions.swift */,
				OBJ_27 /* Rotate.swift */,
				OBJ_28 /* Split.swift */,
				OBJ_29 /* Stride.swift */,
				OBJ_30 /* Suffix.swift */,
				OBJ_31 /* Trim.swift */,
				OBJ_32 /* Unique.swift */,
				OBJ_33 /* Windows.swift */,
			);
			name = Algorithms;
			path = Sources/Algorithms;
			sourceTree = SOURCE_ROOT;
		};
		OBJ_82 /* Products */ = {
			isa = PBXGroup;
			children = (
				"swift-algorithms::Algorithms::Product" /* Algorithms.framework */,
				"swift-numerics::RealModule::Product" /* RealModule.framework */,
				"swift-algorithms::SwiftAlgorithmsTests::Product" /* SwiftAlgorithmsTests.xctest */,
				"swift-numerics::_NumericsShims::Product" /* _NumericsShims.framework */,
			);
			name = Products;
			sourceTree = BUILT_PRODUCTS_DIR;
		};
/* End PBXGroup section */

/* Begin PBXNativeTarget section */
		"swift-algorithms::Algorithms" /* Algorithms */ = {
			isa = PBXNativeTarget;
			buildConfigurationList = OBJ_94 /* Build configuration list for PBXNativeTarget "Algorithms" */;
			buildPhases = (
				OBJ_97 /* Sources */,
				OBJ_123 /* Frameworks */,
			);
			buildRules = (
			);
			dependencies = (
				OBJ_126 /* PBXTargetDependency */,
				OBJ_128 /* PBXTargetDependency */,
			);
			name = Algorithms;
			productName = Algorithms;
			productReference = "swift-algorithms::Algorithms::Product" /* Algorithms.framework */;
			productType = "com.apple.product-type.framework";
		};
		"swift-algorithms::SwiftAlgorithmsTests" /* SwiftAlgorithmsTests */ = {
			isa = PBXNativeTarget;
			buildConfigurationList = OBJ_148 /* Build configuration list for PBXNativeTarget "SwiftAlgorithmsTests" */;
			buildPhases = (
				OBJ_151 /* Sources */,
				OBJ_177 /* Frameworks */,
			);
			buildRules = (
			);
			dependencies = (
				OBJ_181 /* PBXTargetDependency */,
				OBJ_182 /* PBXTargetDependency */,
				OBJ_183 /* PBXTargetDependency */,
			);
			name = SwiftAlgorithmsTests;
			productName = SwiftAlgorithmsTests;
			productReference = "swift-algorithms::SwiftAlgorithmsTests::Product" /* SwiftAlgorithmsTests.xctest */;
			productType = "com.apple.product-type.bundle.unit-test";
		};
		"swift-algorithms::SwiftPMPackageDescription" /* swift-algorithmsPackageDescription */ = {
			isa = PBXNativeTarget;
			buildConfigurationList = OBJ_191 /* Build configuration list for PBXNativeTarget "swift-algorithmsPackageDescription" */;
			buildPhases = (
				OBJ_194 /* Sources */,
			);
			buildRules = (
			);
			dependencies = (
			);
			name = "swift-algorithmsPackageDescription";
			productName = "swift-algorithmsPackageDescription";
			productType = "com.apple.product-type.framework";
		};
		"swift-numerics::RealModule" /* RealModule */ = {
			isa = PBXNativeTarget;
			buildConfigurationList = OBJ_130 /* Build configuration list for PBXNativeTarget "RealModule" */;
			buildPhases = (
				OBJ_133 /* Sources */,
				OBJ_144 /* Frameworks */,
			);
			buildRules = (
			);
			dependencies = (
				OBJ_146 /* PBXTargetDependency */,
			);
			name = RealModule;
			productName = RealModule;
			productReference = "swift-numerics::RealModule::Product" /* RealModule.framework */;
			productType = "com.apple.product-type.framework";
		};
		"swift-numerics::SwiftPMPackageDescription" /* swift-numericsPackageDescription */ = {
			isa = PBXNativeTarget;
			buildConfigurationList = OBJ_202 /* Build configuration list for PBXNativeTarget "swift-numericsPackageDescription" */;
			buildPhases = (
				OBJ_205 /* Sources */,
			);
			buildRules = (
			);
			dependencies = (
			);
			name = "swift-numericsPackageDescription";
			productName = "swift-numericsPackageDescription";
			productType = "com.apple.product-type.framework";
		};
		"swift-numerics::_NumericsShims" /* _NumericsShims */ = {
			isa = PBXNativeTarget;
			buildConfigurationList = OBJ_184 /* Build configuration list for PBXNativeTarget "_NumericsShims" */;
			buildPhases = (
				OBJ_187 /* Sources */,
				OBJ_189 /* Frameworks */,
			);
			buildRules = (
			);
			dependencies = (
			);
			name = _NumericsShims;
			productName = _NumericsShims;
			productReference = "swift-numerics::_NumericsShims::Product" /* _NumericsShims.framework */;
			productType = "com.apple.product-type.framework";
		};
/* End PBXNativeTarget section */

/* Begin PBXProject section */
		OBJ_1 /* Project object */ = {
			isa = PBXProject;
			attributes = {
				LastSwiftMigration = 9999;
				LastUpgradeCheck = 9999;
			};
			buildConfigurationList = OBJ_2 /* Build configuration list for PBXProject "swift-algorithms" */;
			compatibilityVersion = "Xcode 3.2";
			developmentRegion = en;
			hasScannedForEncodings = 0;
			knownRegions = (
				en,
			);
			mainGroup = OBJ_5;
			productRefGroup = OBJ_82 /* Products */;
			projectDirPath = "";
			projectRoot = "";
			targets = (
				"swift-algorithms::Algorithms" /* Algorithms */,
				"swift-numerics::RealModule" /* RealModule */,
				"swift-algorithms::SwiftAlgorithmsTests" /* SwiftAlgorithmsTests */,
				"swift-numerics::_NumericsShims" /* _NumericsShims */,
				"swift-algorithms::SwiftPMPackageDescription" /* swift-algorithmsPackageDescription */,
				"swift-algorithms::swift-algorithmsPackageTests::ProductTarget" /* swift-algorithmsPackageTests */,
				"swift-numerics::SwiftPMPackageDescription" /* swift-numericsPackageDescription */,
			);
		};
/* End PBXProject section */

/* Begin PBXSourcesBuildPhase section */
		OBJ_133 /* Sources */ = {
			isa = PBXSourcesBuildPhase;
			buildActionMask = 0;
			files = (
				OBJ_134 /* AlgebraicField.swift in Sources */,
				OBJ_135 /* ApproximateEquality.swift in Sources */,
				OBJ_136 /* AugmentedArithmetic.swift in Sources */,
				OBJ_137 /* Double+Real.swift in Sources */,
				OBJ_138 /* ElementaryFunctions.swift in Sources */,
				OBJ_139 /* Float+Real.swift in Sources */,
				OBJ_140 /* Float16+Real.swift in Sources */,
				OBJ_141 /* Float80+Real.swift in Sources */,
				OBJ_142 /* Real.swift in Sources */,
				OBJ_143 /* RealFunctions.swift in Sources */,
			);
			runOnlyForDeploymentPostprocessing = 0;
		};
		OBJ_151 /* Sources */ = {
			isa = PBXSourcesBuildPhase;
			buildActionMask = 0;
			files = (
				OBJ_152 /* AdjacentPairsTests.swift in Sources */,
				OBJ_153 /* ChainTests.swift in Sources */,
				OBJ_154 /* ChunkedTests.swift in Sources */,
				OBJ_155 /* CombinationsTests.swift in Sources */,
				OBJ_156 /* CompactedTests.swift in Sources */,
				OBJ_157 /* CycleTests.swift in Sources */,
				OBJ_158 /* FirstNonNilTests.swift in Sources */,
				OBJ_159 /* IndexedTests.swift in Sources */,
				OBJ_160 /* IntersperseTests.swift in Sources */,
				OBJ_161 /* JoinedTests.swift in Sources */,
				OBJ_162 /* MinMaxTests.swift in Sources */,
				OBJ_163 /* PartitionTests.swift in Sources */,
				OBJ_164 /* PermutationsTests.swift in Sources */,
				OBJ_165 /* ProductTests.swift in Sources */,
				OBJ_166 /* RandomSampleTests.swift in Sources */,
				OBJ_167 /* ReductionsTests.swift in Sources */,
				OBJ_168 /* RotateTests.swift in Sources */,
				OBJ_169 /* SplitTests.swift in Sources */,
				OBJ_170 /* StrideTests.swift in Sources */,
				OBJ_171 /* SuffixTests.swift in Sources */,
				OBJ_172 /* TestUtilities.swift in Sources */,
				OBJ_173 /* TrimTests.swift in Sources */,
				OBJ_174 /* UniquePermutationsTests.swift in Sources */,
				OBJ_175 /* UniqueTests.swift in Sources */,
				OBJ_176 /* WindowsTests.swift in Sources */,
			);
			runOnlyForDeploymentPostprocessing = 0;
		};
		OBJ_187 /* Sources */ = {
			isa = PBXSourcesBuildPhase;
			buildActionMask = 0;
			files = (
				OBJ_188 /* _NumericsShims.c in Sources */,
			);
			runOnlyForDeploymentPostprocessing = 0;
		};
		OBJ_194 /* Sources */ = {
			isa = PBXSourcesBuildPhase;
			buildActionMask = 0;
			files = (
				OBJ_195 /* Package.swift in Sources */,
			);
			runOnlyForDeploymentPostprocessing = 0;
		};
		OBJ_205 /* Sources */ = {
			isa = PBXSourcesBuildPhase;
			buildActionMask = 0;
			files = (
				OBJ_206 /* Package.swift in Sources */,
			);
			runOnlyForDeploymentPostprocessing = 0;
		};
		OBJ_97 /* Sources */ = {
			isa = PBXSourcesBuildPhase;
			buildActionMask = 0;
			files = (
				OBJ_98 /* AdjacentPairs.swift in Sources */,
				OBJ_99 /* Chain.swift in Sources */,
				OBJ_100 /* Chunked.swift in Sources */,
				OBJ_101 /* Combinations.swift in Sources */,
				OBJ_102 /* Compacted.swift in Sources */,
				OBJ_103 /* Cycle.swift in Sources */,
				OBJ_104 /* EitherSequence.swift in Sources */,
				OBJ_105 /* FirstNonNil.swift in Sources */,
				OBJ_106 /* FlattenCollection.swift in Sources */,
				OBJ_107 /* Indexed.swift in Sources */,
				OBJ_108 /* Intersperse.swift in Sources */,
				OBJ_109 /* Joined.swift in Sources */,
				OBJ_110 /* MinMax.swift in Sources */,
				OBJ_111 /* Partition.swift in Sources */,
				OBJ_112 /* Permutations.swift in Sources */,
				OBJ_113 /* Product.swift in Sources */,
				OBJ_114 /* RandomSample.swift in Sources */,
				OBJ_115 /* Reductions.swift in Sources */,
				OBJ_116 /* Rotate.swift in Sources */,
				OBJ_117 /* Split.swift in Sources */,
				OBJ_118 /* Stride.swift in Sources */,
				OBJ_119 /* Suffix.swift in Sources */,
				OBJ_120 /* Trim.swift in Sources */,
				OBJ_121 /* Unique.swift in Sources */,
				OBJ_122 /* Windows.swift in Sources */,
			);
			runOnlyForDeploymentPostprocessing = 0;
		};
/* End PBXSourcesBuildPhase section */

/* Begin PBXTargetDependency section */
		OBJ_126 /* PBXTargetDependency */ = {
			isa = PBXTargetDependency;
			target = "swift-numerics::RealModule" /* RealModule */;
			targetProxy = E97D191B288EA9C000CAA1F5 /* PBXContainerItemProxy */;
		};
		OBJ_128 /* PBXTargetDependency */ = {
			isa = PBXTargetDependency;
			target = "swift-numerics::_NumericsShims" /* _NumericsShims */;
			targetProxy = E97D191D288EA9C000CAA1F5 /* PBXContainerItemProxy */;
		};
		OBJ_146 /* PBXTargetDependency */ = {
			isa = PBXTargetDependency;
			target = "swift-numerics::_NumericsShims" /* _NumericsShims */;
			targetProxy = E97D191C288EA9C000CAA1F5 /* PBXContainerItemProxy */;
		};
		OBJ_181 /* PBXTargetDependency */ = {
			isa = PBXTargetDependency;
			target = "swift-algorithms::Algorithms" /* Algorithms */;
			targetProxy = E97D191E288EA9C000CAA1F5 /* PBXContainerItemProxy */;
		};
		OBJ_182 /* PBXTargetDependency */ = {
			isa = PBXTargetDependency;
			target = "swift-numerics::RealModule" /* RealModule */;
			targetProxy = E97D191F288EA9C000CAA1F5 /* PBXContainerItemProxy */;
		};
		OBJ_183 /* PBXTargetDependency */ = {
			isa = PBXTargetDependency;
			target = "swift-numerics::_NumericsShims" /* _NumericsShims */;
			targetProxy = E97D1920288EA9C000CAA1F5 /* PBXContainerItemProxy */;
		};
		OBJ_200 /* PBXTargetDependency */ = {
			isa = PBXTargetDependency;
			target = "swift-algorithms::SwiftAlgorithmsTests" /* SwiftAlgorithmsTests */;
			targetProxy = E97D1921288EA9C000CAA1F5 /* PBXContainerItemProxy */;
		};
/* End PBXTargetDependency section */

/* Begin XCBuildConfiguration section */
		OBJ_131 /* Debug */ = {
			isa = XCBuildConfiguration;
			buildSettings = {
				CURRENT_PROJECT_VERSION = 1;
				ENABLE_TESTABILITY = YES;
				FRAMEWORK_SEARCH_PATHS = (
					"$(inherited)",
					"$(PLATFORM_DIR)/Developer/Library/Frameworks",
				);
				HEADER_SEARCH_PATHS = (
					"$(inherited)",
					"$(SRCROOT)/.build/checkouts/swift-numerics/Sources/_NumericsShims/include",
				);
				INFOPLIST_FILE = "swift-algorithms.xcodeproj/RealModule_Info.plist";
				IPHONEOS_DEPLOYMENT_TARGET = 14.0;
				LD_RUNPATH_SEARCH_PATHS = "$(inherited) $(TOOLCHAIN_DIR)/usr/lib/swift/macosx";
				MACOSX_DEPLOYMENT_TARGET = 10.10;
				OTHER_CFLAGS = "$(inherited)";
				OTHER_LDFLAGS = "$(inherited)";
				OTHER_SWIFT_FLAGS = "$(inherited) -Xcc -fmodule-map-file=$(SRCROOT)/.build/checkouts/swift-numerics/Sources/_NumericsShims/include/module.modulemap";
				PRODUCT_BUNDLE_IDENTIFIER = RealModule;
				PRODUCT_MODULE_NAME = "$(TARGET_NAME:c99extidentifier)";
				PRODUCT_NAME = "$(TARGET_NAME:c99extidentifier)";
				SKIP_INSTALL = YES;
				SWIFT_ACTIVE_COMPILATION_CONDITIONS = "$(inherited)";
				SWIFT_VERSION = 5.0;
				TARGET_NAME = RealModule;
				TVOS_DEPLOYMENT_TARGET = 9.0;
				WATCHOS_DEPLOYMENT_TARGET = 2.0;
			};
			name = Debug;
		};
		OBJ_132 /* Release */ = {
			isa = XCBuildConfiguration;
			buildSettings = {
				CURRENT_PROJECT_VERSION = 1;
				ENABLE_TESTABILITY = YES;
				FRAMEWORK_SEARCH_PATHS = (
					"$(inherited)",
					"$(PLATFORM_DIR)/Developer/Library/Frameworks",
				);
				HEADER_SEARCH_PATHS = (
					"$(inherited)",
					"$(SRCROOT)/.build/checkouts/swift-numerics/Sources/_NumericsShims/include",
				);
				INFOPLIST_FILE = "swift-algorithms.xcodeproj/RealModule_Info.plist";
				IPHONEOS_DEPLOYMENT_TARGET = 14.0;
				LD_RUNPATH_SEARCH_PATHS = "$(inherited) $(TOOLCHAIN_DIR)/usr/lib/swift/macosx";
				MACOSX_DEPLOYMENT_TARGET = 10.10;
				OTHER_CFLAGS = "$(inherited)";
				OTHER_LDFLAGS = "$(inherited)";
				OTHER_SWIFT_FLAGS = "$(inherited) -Xcc -fmodule-map-file=$(SRCROOT)/.build/checkouts/swift-numerics/Sources/_NumericsShims/include/module.modulemap";
				PRODUCT_BUNDLE_IDENTIFIER = RealModule;
				PRODUCT_MODULE_NAME = "$(TARGET_NAME:c99extidentifier)";
				PRODUCT_NAME = "$(TARGET_NAME:c99extidentifier)";
				SKIP_INSTALL = YES;
				SWIFT_ACTIVE_COMPILATION_CONDITIONS = "$(inherited)";
				SWIFT_VERSION = 5.0;
				TARGET_NAME = RealModule;
				TVOS_DEPLOYMENT_TARGET = 9.0;
				WATCHOS_DEPLOYMENT_TARGET = 2.0;
			};
			name = Release;
		};
		OBJ_149 /* Debug */ = {
			isa = XCBuildConfiguration;
			buildSettings = {
				CLANG_ENABLE_MODULES = YES;
				CURRENT_PROJECT_VERSION = 1;
				EMBEDDED_CONTENT_CONTAINS_SWIFT = YES;
				FRAMEWORK_SEARCH_PATHS = (
					"$(inherited)",
					"$(PLATFORM_DIR)/Developer/Library/Frameworks",
				);
				HEADER_SEARCH_PATHS = (
					"$(inherited)",
					"$(SRCROOT)/.build/checkouts/swift-numerics/Sources/_NumericsShims/include",
				);
				INFOPLIST_FILE = "swift-algorithms.xcodeproj/SwiftAlgorithmsTests_Info.plist";
				IPHONEOS_DEPLOYMENT_TARGET = 14.0;
				LD_RUNPATH_SEARCH_PATHS = "$(inherited) @loader_path/../Frameworks @loader_path/Frameworks";
				MACOSX_DEPLOYMENT_TARGET = 10.15;
				OTHER_CFLAGS = "$(inherited)";
				OTHER_LDFLAGS = "$(inherited)";
				OTHER_SWIFT_FLAGS = "$(inherited) -Xcc -fmodule-map-file=$(SRCROOT)/.build/checkouts/swift-numerics/Sources/_NumericsShims/include/module.modulemap";
				SWIFT_ACTIVE_COMPILATION_CONDITIONS = "$(inherited)";
				SWIFT_VERSION = 5.0;
				TARGET_NAME = SwiftAlgorithmsTests;
				TVOS_DEPLOYMENT_TARGET = 9.0;
				WATCHOS_DEPLOYMENT_TARGET = 7.0;
			};
			name = Debug;
		};
		OBJ_150 /* Release */ = {
			isa = XCBuildConfiguration;
			buildSettings = {
				CLANG_ENABLE_MODULES = YES;
				CURRENT_PROJECT_VERSION = 1;
				EMBEDDED_CONTENT_CONTAINS_SWIFT = YES;
				FRAMEWORK_SEARCH_PATHS = (
					"$(inherited)",
					"$(PLATFORM_DIR)/Developer/Library/Frameworks",
				);
				HEADER_SEARCH_PATHS = (
					"$(inherited)",
					"$(SRCROOT)/.build/checkouts/swift-numerics/Sources/_NumericsShims/include",
				);
				INFOPLIST_FILE = "swift-algorithms.xcodeproj/SwiftAlgorithmsTests_Info.plist";
				IPHONEOS_DEPLOYMENT_TARGET = 14.0;
				LD_RUNPATH_SEARCH_PATHS = "$(inherited) @loader_path/../Frameworks @loader_path/Frameworks";
				MACOSX_DEPLOYMENT_TARGET = 10.15;
				OTHER_CFLAGS = "$(inherited)";
				OTHER_LDFLAGS = "$(inherited)";
				OTHER_SWIFT_FLAGS = "$(inherited) -Xcc -fmodule-map-file=$(SRCROOT)/.build/checkouts/swift-numerics/Sources/_NumericsShims/include/module.modulemap";
				SWIFT_ACTIVE_COMPILATION_CONDITIONS = "$(inherited)";
				SWIFT_VERSION = 5.0;
				TARGET_NAME = SwiftAlgorithmsTests;
				TVOS_DEPLOYMENT_TARGET = 9.0;
				WATCHOS_DEPLOYMENT_TARGET = 7.0;
			};
			name = Release;
		};
		OBJ_185 /* Debug */ = {
			isa = XCBuildConfiguration;
			buildSettings = {
				CURRENT_PROJECT_VERSION = 1;
				DEFINES_MODULE = NO;
				ENABLE_TESTABILITY = YES;
				FRAMEWORK_SEARCH_PATHS = (
					"$(inherited)",
					"$(PLATFORM_DIR)/Developer/Library/Frameworks",
				);
				HEADER_SEARCH_PATHS = (
					"$(inherited)",
					"$(SRCROOT)/.build/checkouts/swift-numerics/Sources/_NumericsShims/include",
				);
				INFOPLIST_FILE = "swift-algorithms.xcodeproj/_NumericsShims_Info.plist";
				IPHONEOS_DEPLOYMENT_TARGET = 14.0;
				LD_RUNPATH_SEARCH_PATHS = "$(inherited) $(TOOLCHAIN_DIR)/usr/lib/swift/macosx";
				MACOSX_DEPLOYMENT_TARGET = 10.10;
				OTHER_CFLAGS = "$(inherited)";
				OTHER_LDFLAGS = "$(inherited)";
				OTHER_SWIFT_FLAGS = "$(inherited)";
				PRODUCT_BUNDLE_IDENTIFIER = "-NumericsShims";
				PRODUCT_MODULE_NAME = "$(TARGET_NAME:c99extidentifier)";
				PRODUCT_NAME = "$(TARGET_NAME:c99extidentifier)";
				SKIP_INSTALL = YES;
				SWIFT_ACTIVE_COMPILATION_CONDITIONS = "$(inherited)";
				TARGET_NAME = _NumericsShims;
				TVOS_DEPLOYMENT_TARGET = 9.0;
				WATCHOS_DEPLOYMENT_TARGET = 2.0;
			};
			name = Debug;
		};
		OBJ_186 /* Release */ = {
			isa = XCBuildConfiguration;
			buildSettings = {
				CURRENT_PROJECT_VERSION = 1;
				DEFINES_MODULE = NO;
				ENABLE_TESTABILITY = YES;
				FRAMEWORK_SEARCH_PATHS = (
					"$(inherited)",
					"$(PLATFORM_DIR)/Developer/Library/Frameworks",
				);
				HEADER_SEARCH_PATHS = (
					"$(inherited)",
					"$(SRCROOT)/.build/checkouts/swift-numerics/Sources/_NumericsShims/include",
				);
				INFOPLIST_FILE = "swift-algorithms.xcodeproj/_NumericsShims_Info.plist";
				IPHONEOS_DEPLOYMENT_TARGET = 14.0;
				LD_RUNPATH_SEARCH_PATHS = "$(inherited) $(TOOLCHAIN_DIR)/usr/lib/swift/macosx";
				MACOSX_DEPLOYMENT_TARGET = 10.10;
				OTHER_CFLAGS = "$(inherited)";
				OTHER_LDFLAGS = "$(inherited)";
				OTHER_SWIFT_FLAGS = "$(inherited)";
				PRODUCT_BUNDLE_IDENTIFIER = "-NumericsShims";
				PRODUCT_MODULE_NAME = "$(TARGET_NAME:c99extidentifier)";
				PRODUCT_NAME = "$(TARGET_NAME:c99extidentifier)";
				SKIP_INSTALL = YES;
				SWIFT_ACTIVE_COMPILATION_CONDITIONS = "$(inherited)";
				TARGET_NAME = _NumericsShims;
				TVOS_DEPLOYMENT_TARGET = 9.0;
				WATCHOS_DEPLOYMENT_TARGET = 2.0;
			};
			name = Release;
		};
		OBJ_192 /* Debug */ = {
			isa = XCBuildConfiguration;
			buildSettings = {
				LD = /usr/bin/true;
				OTHER_SWIFT_FLAGS = "-swift-version 5 -I $(TOOLCHAIN_DIR)/usr/lib/swift/pm/4_2 -sdk /Applications/Xcode12.app/Contents/Developer/Platforms/MacOSX.platform/Developer/SDKs/MacOSX11.3.sdk -package-description-version 5.1.0";
				SWIFT_VERSION = 5.0;
			};
			name = Debug;
		};
		OBJ_193 /* Release */ = {
			isa = XCBuildConfiguration;
			buildSettings = {
				LD = /usr/bin/true;
				OTHER_SWIFT_FLAGS = "-swift-version 5 -I $(TOOLCHAIN_DIR)/usr/lib/swift/pm/4_2 -sdk /Applications/Xcode12.app/Contents/Developer/Platforms/MacOSX.platform/Developer/SDKs/MacOSX11.3.sdk -package-description-version 5.1.0";
				SWIFT_VERSION = 5.0;
			};
			name = Release;
		};
		OBJ_198 /* Debug */ = {
			isa = XCBuildConfiguration;
			buildSettings = {
			};
			name = Debug;
		};
		OBJ_199 /* Release */ = {
			isa = XCBuildConfiguration;
			buildSettings = {
			};
			name = Release;
		};
		OBJ_203 /* Debug */ = {
			isa = XCBuildConfiguration;
			buildSettings = {
				LD = /usr/bin/true;
				OTHER_SWIFT_FLAGS = "-swift-version 5 -I $(TOOLCHAIN_DIR)/usr/lib/swift/pm/4_2 -sdk /Applications/Xcode12.app/Contents/Developer/Platforms/MacOSX.platform/Developer/SDKs/MacOSX11.3.sdk -package-description-version 5.0.0";
				SWIFT_VERSION = 5.0;
			};
			name = Debug;
		};
		OBJ_204 /* Release */ = {
			isa = XCBuildConfiguration;
			buildSettings = {
				LD = /usr/bin/true;
				OTHER_SWIFT_FLAGS = "-swift-version 5 -I $(TOOLCHAIN_DIR)/usr/lib/swift/pm/4_2 -sdk /Applications/Xcode12.app/Contents/Developer/Platforms/MacOSX.platform/Developer/SDKs/MacOSX11.3.sdk -package-description-version 5.0.0";
				SWIFT_VERSION = 5.0;
			};
			name = Release;
		};
		OBJ_3 /* Debug */ = {
			isa = XCBuildConfiguration;
			buildSettings = {
				CLANG_ENABLE_OBJC_ARC = YES;
				COMBINE_HIDPI_IMAGES = YES;
				COPY_PHASE_STRIP = NO;
				DEBUG_INFORMATION_FORMAT = dwarf;
				DYLIB_INSTALL_NAME_BASE = "@rpath";
				ENABLE_NS_ASSERTIONS = YES;
				GCC_OPTIMIZATION_LEVEL = 0;
				GCC_PREPROCESSOR_DEFINITIONS = (
					"$(inherited)",
					"SWIFT_PACKAGE=1",
					"DEBUG=1",
				);
				MACOSX_DEPLOYMENT_TARGET = 10.10;
				ONLY_ACTIVE_ARCH = YES;
				OTHER_SWIFT_FLAGS = "$(inherited) -DXcode";
				PRODUCT_NAME = "$(TARGET_NAME)";
				SDKROOT = macosx;
				SUPPORTED_PLATFORMS = "$(AVAILABLE_PLATFORMS)";
				SUPPORTS_MACCATALYST = YES;
				SWIFT_ACTIVE_COMPILATION_CONDITIONS = "$(inherited) SWIFT_PACKAGE DEBUG";
				SWIFT_OPTIMIZATION_LEVEL = "-Onone";
				USE_HEADERMAP = NO;
			};
			name = Debug;
		};
		OBJ_4 /* Release */ = {
			isa = XCBuildConfiguration;
			buildSettings = {
				CLANG_ENABLE_OBJC_ARC = YES;
				COMBINE_HIDPI_IMAGES = YES;
				COPY_PHASE_STRIP = YES;
				DEBUG_INFORMATION_FORMAT = "dwarf-with-dsym";
				DYLIB_INSTALL_NAME_BASE = "@rpath";
				GCC_OPTIMIZATION_LEVEL = s;
				GCC_PREPROCESSOR_DEFINITIONS = (
					"$(inherited)",
					"SWIFT_PACKAGE=1",
				);
				MACOSX_DEPLOYMENT_TARGET = 10.10;
				OTHER_SWIFT_FLAGS = "$(inherited) -DXcode";
				PRODUCT_NAME = "$(TARGET_NAME)";
				SDKROOT = macosx;
				SUPPORTED_PLATFORMS = "$(AVAILABLE_PLATFORMS)";
				SUPPORTS_MACCATALYST = YES;
				SWIFT_ACTIVE_COMPILATION_CONDITIONS = "$(inherited) SWIFT_PACKAGE";
				SWIFT_OPTIMIZATION_LEVEL = "-Owholemodule";
				USE_HEADERMAP = NO;
			};
			name = Release;
		};
		OBJ_95 /* Debug */ = {
			isa = XCBuildConfiguration;
			buildSettings = {
				CURRENT_PROJECT_VERSION = 1;
				ENABLE_TESTABILITY = YES;
				FRAMEWORK_SEARCH_PATHS = (
					"$(inherited)",
					"$(PLATFORM_DIR)/Developer/Library/Frameworks",
				);
				HEADER_SEARCH_PATHS = (
					"$(inherited)",
					"$(SRCROOT)/.build/checkouts/swift-numerics/Sources/_NumericsShims/include",
				);
				INFOPLIST_FILE = "swift-algorithms.xcodeproj/Algorithms_Info.plist";
				IPHONEOS_DEPLOYMENT_TARGET = 14.0;
				LD_RUNPATH_SEARCH_PATHS = "$(inherited) $(TOOLCHAIN_DIR)/usr/lib/swift/macosx";
				MACOSX_DEPLOYMENT_TARGET = 10.10;
				OTHER_CFLAGS = "$(inherited)";
				OTHER_LDFLAGS = "$(inherited)";
				OTHER_SWIFT_FLAGS = "$(inherited) -Xcc -fmodule-map-file=$(SRCROOT)/.build/checkouts/swift-numerics/Sources/_NumericsShims/include/module.modulemap";
				PRODUCT_BUNDLE_IDENTIFIER = Algorithms;
				PRODUCT_MODULE_NAME = "$(TARGET_NAME:c99extidentifier)";
				PRODUCT_NAME = "$(TARGET_NAME:c99extidentifier)";
				SKIP_INSTALL = YES;
				SWIFT_ACTIVE_COMPILATION_CONDITIONS = "$(inherited)";
				SWIFT_VERSION = 5.0;
				TARGET_NAME = Algorithms;
				TVOS_DEPLOYMENT_TARGET = 9.0;
				WATCHOS_DEPLOYMENT_TARGET = 2.0;
			};
			name = Debug;
		};
		OBJ_96 /* Release */ = {
			isa = XCBuildConfiguration;
			buildSettings = {
				CURRENT_PROJECT_VERSION = 1;
				ENABLE_TESTABILITY = YES;
				FRAMEWORK_SEARCH_PATHS = (
					"$(inherited)",
					"$(PLATFORM_DIR)/Developer/Library/Frameworks",
				);
				HEADER_SEARCH_PATHS = (
					"$(inherited)",
					"$(SRCROOT)/.build/checkouts/swift-numerics/Sources/_NumericsShims/include",
				);
				INFOPLIST_FILE = "swift-algorithms.xcodeproj/Algorithms_Info.plist";
				IPHONEOS_DEPLOYMENT_TARGET = 14.0;
				LD_RUNPATH_SEARCH_PATHS = "$(inherited) $(TOOLCHAIN_DIR)/usr/lib/swift/macosx";
				MACOSX_DEPLOYMENT_TARGET = 10.10;
				OTHER_CFLAGS = "$(inherited)";
				OTHER_LDFLAGS = "$(inherited)";
				OTHER_SWIFT_FLAGS = "$(inherited) -Xcc -fmodule-map-file=$(SRCROOT)/.build/checkouts/swift-numerics/Sources/_NumericsShims/include/module.modulemap";
				PRODUCT_BUNDLE_IDENTIFIER = Algorithms;
				PRODUCT_MODULE_NAME = "$(TARGET_NAME:c99extidentifier)";
				PRODUCT_NAME = "$(TARGET_NAME:c99extidentifier)";
				SKIP_INSTALL = YES;
				SWIFT_ACTIVE_COMPILATION_CONDITIONS = "$(inherited)";
				SWIFT_VERSION = 5.0;
				TARGET_NAME = Algorithms;
				TVOS_DEPLOYMENT_TARGET = 9.0;
				WATCHOS_DEPLOYMENT_TARGET = 2.0;
			};
			name = Release;
		};
/* End XCBuildConfiguration section */

/* Begin XCConfigurationList section */
		OBJ_130 /* Build configuration list for PBXNativeTarget "RealModule" */ = {
			isa = XCConfigurationList;
			buildConfigurations = (
				OBJ_131 /* Debug */,
				OBJ_132 /* Release */,
			);
			defaultConfigurationIsVisible = 0;
			defaultConfigurationName = Release;
		};
		OBJ_148 /* Build configuration list for PBXNativeTarget "SwiftAlgorithmsTests" */ = {
			isa = XCConfigurationList;
			buildConfigurations = (
				OBJ_149 /* Debug */,
				OBJ_150 /* Release */,
			);
			defaultConfigurationIsVisible = 0;
			defaultConfigurationName = Release;
		};
		OBJ_184 /* Build configuration list for PBXNativeTarget "_NumericsShims" */ = {
			isa = XCConfigurationList;
			buildConfigurations = (
				OBJ_185 /* Debug */,
				OBJ_186 /* Release */,
			);
			defaultConfigurationIsVisible = 0;
			defaultConfigurationName = Release;
		};
		OBJ_191 /* Build configuration list for PBXNativeTarget "swift-algorithmsPackageDescription" */ = {
			isa = XCConfigurationList;
			buildConfigurations = (
				OBJ_192 /* Debug */,
				OBJ_193 /* Release */,
			);
			defaultConfigurationIsVisible = 0;
			defaultConfigurationName = Release;
		};
		OBJ_197 /* Build configuration list for PBXAggregateTarget "swift-algorithmsPackageTests" */ = {
			isa = XCConfigurationList;
			buildConfigurations = (
				OBJ_198 /* Debug */,
				OBJ_199 /* Release */,
			);
			defaultConfigurationIsVisible = 0;
			defaultConfigurationName = Release;
		};
		OBJ_2 /* Build configuration list for PBXProject "swift-algorithms" */ = {
			isa = XCConfigurationList;
			buildConfigurations = (
				OBJ_3 /* Debug */,
				OBJ_4 /* Release */,
			);
			defaultConfigurationIsVisible = 0;
			defaultConfigurationName = Release;
		};
		OBJ_202 /* Build configuration list for PBXNativeTarget "swift-numericsPackageDescription" */ = {
			isa = XCConfigurationList;
			buildConfigurations = (
				OBJ_203 /* Debug */,
				OBJ_204 /* Release */,
			);
			defaultConfigurationIsVisible = 0;
			defaultConfigurationName = Release;
		};
		OBJ_94 /* Build configuration list for PBXNativeTarget "Algorithms" */ = {
			isa = XCConfigurationList;
			buildConfigurations = (
				OBJ_95 /* Debug */,
				OBJ_96 /* Release */,
			);
			defaultConfigurationIsVisible = 0;
			defaultConfigurationName = Release;
		};
/* End XCConfigurationList section */
	};
	rootObject = OBJ_1 /* Project object */;
}
